
Microsoft Visual Studio Solution File, Format Version 12.00
# Visual Studio Version 17
VisualStudioVersion = 17.14.36327.8
MinimumVisualStudioVersion = 10.0.40219.1
Project("{FAE04EC0-301F-11D3-BF4B-00C04F79EFBC}") = "SpiderTest48.Domain", "SpiderTest48.Domain\SpiderTest48.Domain.csproj", "{AB8FB809-AAA3-43C2-98BC-BB415AA4EF73}"
EndProject
Project("{FAE04EC0-301F-11D3-BF4B-00C04F79EFBC}") = "SpiderTest48.MainApp", "SpiderTest48.MainApp\SpiderTest48.MainApp.csproj", "{C4479BD1-65B9-4BE4-B3A6-B67DE36DCE8B}"
EndProject
Project("{FAE04EC0-301F-11D3-BF4B-00C04F79EFBC}") = "SpiderTest48.UnitTests", "SpiderTest48.UnitTests\SpiderTest48.UnitTests.csproj", "{5EE01657-79D6-4C8C-A7D2-4A928F69E57A}"
EndProject
Global
	GlobalSection(SolutionConfigurationPlatforms) = preSolution
		Debug|Any CPU = Debug|Any CPU
		Release|Any CPU = Release|Any CPU
	EndGlobalSection
	GlobalSection(ProjectConfigurationPlatforms) = postSolution
		{AB8FB809-AAA3-43C2-98BC-BB415AA4EF73}.Debug|Any CPU.ActiveCfg = Debug|Any CPU
		{AB8FB809-AAA3-43C2-98BC-BB415AA4EF73}.Debug|Any CPU.Build.0 = Debug|Any CPU
		{AB8FB809-AAA3-43C2-98BC-BB415AA4EF73}.Release|Any CPU.ActiveCfg = Release|Any CPU
		{AB8FB809-AAA3-43C2-98BC-BB415AA4EF73}.Release|Any CPU.Build.0 = Release|Any CPU
		{C4479BD1-65B9-4BE4-B3A6-B67DE36DCE8B}.Debug|Any CPU.ActiveCfg = Debug|Any CPU
		{C4479BD1-65B9-4BE4-B3A6-B67DE36DCE8B}.Debug|Any CPU.Build.0 = Debug|Any CPU
		{C4479BD1-65B9-4BE4-B3A6-B67DE36DCE8B}.Release|Any CPU.ActiveCfg = Release|Any CPU
		{C4479BD1-65B9-4BE4-B3A6-B67DE36DCE8B}.Release|Any CPU.Build.0 = Release|Any CPU
		{5EE01657-79D6-4C8C-A7D2-4A928F69E57A}.Debug|Any CPU.ActiveCfg = Debug|Any CPU
		{5EE01657-79D6-4C8C-A7D2-4A928F69E57A}.Debug|Any CPU.Build.0 = Debug|Any CPU
		{5EE01657-79D6-4C8C-A7D2-4A928F69E57A}.Release|Any CPU.ActiveCfg = Release|Any CPU
		{5EE01657-79D6-4C8C-A7D2-4A928F69E57A}.Release|Any CPU.Build.0 = Release|Any CPU
	EndGlobalSection
	GlobalSection(SolutionProperties) = preSolution
		HideSolutionNode = FALSE
	EndGlobalSection
	GlobalSection(ExtensibilityGlobals) = postSolution
		SolutionGuid = {CDE13FDF-FA58-4577-84AA-EAFAADABC50E}
	EndGlobalSection
EndGlobal
